Microsoft Visual Studio Solution File, Format Version 12.00
# Visual Studio 15
VisualStudioVersion = 15.0.27130.2020
MinimumVisualStudioVersion = 15.0.26124.0
Project("{2150E333-8FDC-42A3-9474-1A3956D46DE8}") = "Src", "Src", "{8159393B-899F-4B11-B0ED-DEF7C1B4FC26}"
EndProject
Project("{9A19103F-16F7-4668-BE54-9A1E7A4F7556}") = "CosmosDb.Graph.Interfaces", "Src\CosmosDb.Graph.Interfaces\CosmosDb.Graph.Interfaces.csproj", "{18C842BC-F588-4DAA-8188-16C31F690BB7}"
EndProject
Project("{9A19103F-16F7-4668-BE54-9A1E7A4F7556}") = "CosmosDb.Graph", "Src\CosmosDb.Graph\CosmosDb.Graph.csproj", "{665B8B1F-8BBE-4592-8C66-F7F5A9D1E4A5}"
EndProject
Project("{2150E333-8FDC-42A3-9474-1A3956D46DE8}") = "Test", "Test", "{6404A8C1-6384-4425-B5CC-516B6124B792}"
EndProject
Project("{9A19103F-16F7-4668-BE54-9A1E7A4F7556}") = "CosmosDb.Graph.TestStubs", "Test\CosmosDb.Graph.TestStubs\CosmosDb.Graph.TestStubs.csproj", "{5FD223AD-749C-486C-97FF-8EBB9AC8AA96}"
EndProject
Project("{9A19103F-16F7-4668-BE54-9A1E7A4F7556}") = "CosmosDb.Graph.Tests", "Test\CosmosDb.Graph.Tests\CosmosDb.Graph.Tests.csproj", "{FB63D807-9737-4A0D-BDD4-E17D02FDB6D0}"
EndProject
Project("{9A19103F-16F7-4668-BE54-9A1E7A4F7556}") = "CosmosDb.Graph.Integration.Tests", "Test\CosmosDb.Graph.Integration.Tests\CosmosDb.Graph.Integration.Tests.csproj", "{6965A761-271D-4140-B361-42B5CFB8283F}"
EndProject
Global
	GlobalSection(SolutionConfigurationPlatforms) = preSolution
		Debug|Any CPU = Debug|Any CPU
		Debug|x64 = Debug|x64
		Debug|x86 = Debug|x86
		Release|Any CPU = Release|Any CPU
		Release|x64 = Release|x64
		Release|x86 = Release|x86
	EndGlobalSection
	GlobalSection(ProjectConfigurationPlatforms) = postSolution
		{18C842BC-F588-4DAA-8188-16C31F690BB7}.Debug|Any CPU.ActiveCfg = Debug|Any CPU
		{18C842BC-F588-4DAA-8188-16C31F690BB7}.Debug|Any CPU.Build.0 = Debug|Any CPU
		{18C842BC-F588-4DAA-8188-16C31F690BB7}.Debug|x64.ActiveCfg = Debug|Any CPU
		{18C842BC-F588-4DAA-8188-16C31F690BB7}.Debug|x64.Build.0 = Debug|Any CPU
		{18C842BC-F588-4DAA-8188-16C31F690BB7}.Debug|x86.ActiveCfg = Debug|Any CPU
		{18C842BC-F588-4DAA-8188-16C31F690BB7}.Debug|x86.Build.0 = Debug|Any CPU
		{18C842BC-F588-4DAA-8188-16C31F690BB7}.Release|Any CPU.ActiveCfg = Release|Any CPU
		{18C842BC-F588-4DAA-8188-16C31F690BB7}.Release|Any CPU.Build.0 = Release|Any CPU
		{18C842BC-F588-4DAA-8188-16C31F690BB7}.Release|x64.ActiveCfg = Release|Any CPU
		{18C842BC-F588-4DAA-8188-16C31F690BB7}.Release|x64.Build.0 = Release|Any CPU
		{18C842BC-F588-4DAA-8188-16C31F690BB7}.Release|x86.ActiveCfg = Release|Any CPU
		{18C842BC-F588-4DAA-8188-16C31F690BB7}.Release|x86.Build.0 = Release|Any CPU
		{665B8B1F-8BBE-4592-8C66-F7F5A9D1E4A5}.Debug|Any CPU.ActiveCfg = Debug|Any CPU
		{665B8B1F-8BBE-4592-8C66-F7F5A9D1E4A5}.Debug|Any CPU.Build.0 = Debug|Any CPU
		{665B8B1F-8BBE-4592-8C66-F7F5A9D1E4A5}.Debug|x64.ActiveCfg = Debug|Any CPU
		{665B8B1F-8BBE-4592-8C66-F7F5A9D1E4A5}.Debug|x64.Build.0 = Debug|Any CPU
		{665B8B1F-8BBE-4592-8C66-F7F5A9D1E4A5}.Debug|x86.ActiveCfg = Debug|Any CPU
		{665B8B1F-8BBE-4592-8C66-F7F5A9D1E4A5}.Debug|x86.Build.0 = Debug|Any CPU
		{665B8B1F-8BBE-4592-8C66-F7F5A9D1E4A5}.Release|Any CPU.ActiveCfg = Release|Any CPU
		{665B8B1F-8BBE-4592-8C66-F7F5A9D1E4A5}.Release|Any CPU.Build.0 = Release|Any CPU
		{665B8B1F-8BBE-4592-8C66-F7F5A9D1E4A5}.Release|x64.ActiveCfg = Release|Any CPU
		{665B8B1F-8BBE-4592-8C66-F7F5A9D1E4A5}.Release|x64.Build.0 = Release|Any CPU
		{665B8B1F-8BBE-4592-8C66-F7F5A9D1E4A5}.Release|x86.ActiveCfg = Release|Any CPU
		{665B8B1F-8BBE-4592-8C66-F7F5A9D1E4A5}.Release|x86.Build.0 = Release|Any CPU
		{5FD223AD-749C-486C-97FF-8EBB9AC8AA96}.Debug|Any CPU.ActiveCfg = Debug|Any CPU
		{5FD223AD-749C-486C-97FF-8EBB9AC8AA96}.Debug|Any CPU.Build.0 = Debug|Any CPU
		{5FD223AD-749C-486C-97FF-8EBB9AC8AA96}.Debug|x64.ActiveCfg = Debug|Any CPU
		{5FD223AD-749C-486C-97FF-8EBB9AC8AA96}.Debug|x64.Build.0 = Debug|Any CPU
		{5FD223AD-749C-486C-97FF-8EBB9AC8AA96}.Debug|x86.ActiveCfg = Debug|Any CPU
		{5FD223AD-749C-486C-97FF-8EBB9AC8AA96}.Debug|x86.Build.0 = Debug|Any CPU
		{5FD223AD-749C-486C-97FF-8EBB9AC8AA96}.Release|Any CPU.ActiveCfg = Release|Any CPU
		{5FD223AD-749C-486C-97FF-8EBB9AC8AA96}.Release|Any CPU.Build.0 = Release|Any CPU
		{5FD223AD-749C-486C-97FF-8EBB9AC8AA96}.Release|x64.ActiveCfg = Release|Any CPU
		{5FD223AD-749C-486C-97FF-8EBB9AC8AA96}.Release|x64.Build.0 = Release|Any CPU
		{5FD223AD-749C-486C-97FF-8EBB9AC8AA96}.Release|x86.ActiveCfg = Release|Any CPU
		{5FD223AD-749C-486C-97FF-8EBB9AC8AA96}.Release|x86.Build.0 = Release|Any CPU
		{FB63D807-9737-4A0D-BDD4-E17D02FDB6D0}.Debug|Any CPU.ActiveCfg = Debug|Any CPU
		{FB63D807-9737-4A0D-BDD4-E17D02FDB6D0}.Debug|Any CPU.Build.0 = Debug|Any CPU
		{FB63D807-9737-4A0D-BDD4-E17D02FDB6D0}.Debug|x64.ActiveCfg = Debug|Any CPU
		{FB63D807-9737-4A0D-BDD4-E17D02FDB6D0}.Debug|x64.Build.0 = Debug|Any CPU
		{FB63D807-9737-4A0D-BDD4-E17D02FDB6D0}.Debug|x86.ActiveCfg = Debug|Any CPU
		{FB63D807-9737-4A0D-BDD4-E17D02FDB6D0}.Debug|x86.Build.0 = Debug|Any CPU
		{FB63D807-9737-4A0D-BDD4-E17D02FDB6D0}.Release|Any CPU.ActiveCfg = Release|Any CPU
		{FB63D807-9737-4A0D-BDD4-E17D02FDB6D0}.Release|Any CPU.Build.0 = Release|Any CPU
		{FB63D807-9737-4A0D-BDD4-E17D02FDB6D0}.Release|x64.ActiveCfg = Release|Any CPU
		{FB63D807-9737-4A0D-BDD4-E17D02FDB6D0}.Release|x64.Build.0 = Release|Any CPU
		{FB63D807-9737-4A0D-BDD4-E17D02FDB6D0}.Release|x86.ActiveCfg = Release|Any CPU
		{FB63D807-9737-4A0D-BDD4-E17D02FDB6D0}.Release|x86.Build.0 = Release|Any CPU
		{6965A761-271D-4140-B361-42B5CFB8283F}.Debug|Any CPU.ActiveCfg = Debug|Any CPU
		{6965A761-271D-4140-B361-42B5CFB8283F}.Debug|Any CPU.Build.0 = Debug|Any CPU
		{6965A761-271D-4140-B361-42B5CFB8283F}.Debug|x64.ActiveCfg = Debug|Any CPU
		{6965A761-271D-4140-B361-42B5CFB8283F}.Debug|x64.Build.0 = Debug|Any CPU
		{6965A761-271D-4140-B361-42B5CFB8283F}.Debug|x86.ActiveCfg = Debug|Any CPU
		{6965A761-271D-4140-B361-42B5CFB8283F}.Debug|x86.Build.0 = Debug|Any CPU
		{6965A761-271D-4140-B361-42B5CFB8283F}.Release|Any CPU.ActiveCfg = Release|Any CPU
		{6965A761-271D-4140-B361-42B5CFB8283F}.Release|Any CPU.Build.0 = Release|Any CPU
		{6965A761-271D-4140-B361-42B5CFB8283F}.Release|x64.ActiveCfg = Release|Any CPU
		{6965A761-271D-4140-B361-42B5CFB8283F}.Release|x64.Build.0 = Release|Any CPU
		{6965A761-271D-4140-B361-42B5CFB8283F}.Release|x86.ActiveCfg = Release|Any CPU
		{6965A761-271D-4140-B361-42B5CFB8283F}.Release|x86.Build.0 = Release|Any CPU
	EndGlobalSection
	GlobalSection(SolutionProperties) = preSolution
		HideSolutionNode = FALSE
	EndGlobalSection
	GlobalSection(NestedProjects) = preSolution
		{18C842BC-F588-4DAA-8188-16C31F690BB7} = {8159393B-899F-4B11-B0ED-DEF7C1B4FC26}
		{665B8B1F-8BBE-4592-8C66-F7F5A9D1E4A5} = {8159393B-899F-4B11-B0ED-DEF7C1B4FC26}
		{5FD223AD-749C-486C-97FF-8EBB9AC8AA96} = {6404A8C1-6384-4425-B5CC-516B6124B792}
		{FB63D807-9737-4A0D-BDD4-E17D02FDB6D0} = {6404A8C1-6384-4425-B5CC-516B6124B792}
		{6965A761-271D-4140-B361-42B5CFB8283F} = {6404A8C1-6384-4425-B5CC-516B6124B792}
	EndGlobalSection
	GlobalSection(ExtensibilityGlobals) = postSolution
		SolutionGuid = {2383E40D-B27E-455F-B661-38461E833441}
	EndGlobalSection
EndGlobal
